
Microsoft Visual Studio Solution File, Format Version 12.00
# Visual Studio Version 17
VisualStudioVersion = 17.2.32630.192
MinimumVisualStudioVersion = 10.0.40219.1
Project("{9A19103F-16F7-4668-BE54-9A1E7A4F7556}") = "ActiveApiHH.ru", "ActiveApiHH.ru\ActiveApiHH.ru.csproj", "{FF080302-077A-4F45-AE53-ED06F8FD33F9}"
EndProject
Project("{FAE04EC0-301F-11D3-BF4B-00C04F79EFBC}") = "LibraryModels", "LibraryModels\LibraryModels.csproj", "{4F46898F-3B98-407D-99A9-07565986EA06}"
EndProject
Project("{FAE04EC0-301F-11D3-BF4B-00C04F79EFBC}") = "LocalApi", "LocalApi\LocalApi.csproj", "{7866A4C2-F04E-4E4B-A4C3-D6163DB1D022}"
EndProject
Global
	GlobalSection(SolutionConfigurationPlatforms) = preSolution
		Debug|Any CPU = Debug|Any CPU
		Release|Any CPU = Release|Any CPU
	EndGlobalSection
	GlobalSection(ProjectConfigurationPlatforms) = postSolution
		{FF080302-077A-4F45-AE53-ED06F8FD33F9}.Debug|Any CPU.ActiveCfg = Debug|Any CPU
		{FF080302-077A-4F45-AE53-ED06F8FD33F9}.Debug|Any CPU.Build.0 = Debug|Any CPU
		{FF080302-077A-4F45-AE53-ED06F8FD33F9}.Release|Any CPU.ActiveCfg = Release|Any CPU
		{FF080302-077A-4F45-AE53-ED06F8FD33F9}.Release|Any CPU.Build.0 = Release|Any CPU
		{4F46898F-3B98-407D-99A9-07565986EA06}.Debug|Any CPU.ActiveCfg = Debug|Any CPU
		{4F46898F-3B98-407D-99A9-07565986EA06}.Debug|Any CPU.Build.0 = Debug|Any CPU
		{4F46898F-3B98-407D-99A9-07565986EA06}.Release|Any CPU.ActiveCfg = Release|Any CPU
		{4F46898F-3B98-407D-99A9-07565986EA06}.Release|Any CPU.Build.0 = Release|Any CPU
		{7866A4C2-F04E-4E4B-A4C3-D6163DB1D022}.Debug|Any CPU.ActiveCfg = Debug|Any CPU
		{7866A4C2-F04E-4E4B-A4C3-D6163DB1D022}.Debug|Any CPU.Build.0 = Debug|Any CPU
		{7866A4C2-F04E-4E4B-A4C3-D6163DB1D022}.Release|Any CPU.ActiveCfg = Release|Any CPU
		{7866A4C2-F04E-4E4B-A4C3-D6163DB1D022}.Release|Any CPU.Build.0 = Release|Any CPU
	EndGlobalSection
	GlobalSection(SolutionProperties) = preSolution
		HideSolutionNode = FALSE
	EndGlobalSection
	GlobalSection(ExtensibilityGlobals) = postSolution
		SolutionGuid = {0DB38C84-D115-44D1-9617-41710B7B4C54}
	EndGlobalSection
EndGlobal
